// !$*UTF8*$!
{
	archiveVersion = 1;
	classes = {
	};
	objectVersion = 46;
	objects = {

/* Begin PBXBuildFile section */
		B1045EC41D51E8C9009D9805 /* AppDelegate.swift in Sources */ = {isa = PBXBuildFile; fileRef = B1045EC31D51E8C9009D9805 /* AppDelegate.swift */; };
		B1045EC61D51E8C9009D9805 /* ViewController.swift in Sources */ = {isa = PBXBuildFile; fileRef = B1045EC51D51E8C9009D9805 /* ViewController.swift */; };
		B1045EC91D51E8C9009D9805 /* Main.storyboard in Resources */ = {isa = PBXBuildFile; fileRef = B1045EC71D51E8C9009D9805 /* Main.storyboard */; };
		B1045ECB1D51E8C9009D9805 /* Assets.xcassets in Resources */ = {isa = PBXBuildFile; fileRef = B1045ECA1D51E8C9009D9805 /* Assets.xcassets */; };
		B1045ECE1D51E8C9009D9805 /* LaunchScreen.storyboard in Resources */ = {isa = PBXBuildFile; fileRef = B1045ECC1D51E8C9009D9805 /* LaunchScreen.storyboard */; };
/* End PBXBuildFile section */

/* Begin PBXFileReference section */
		B1045EC01D51E8C9009D9805 /* collectionViewScrollTop.app */ = {isa = PBXFileReference; explicitFileType = wrapper.application; includeInIndex = 0; path = collectionViewScrollTop.app; sourceTree = BUILT_PRODUCTS_DIR; };
		B1045EC31D51E8C9009D9805 /* AppDelegate.swift */ = {isa = PBXFileReference; lastKnownFileType = sourcecode.swift; path = AppDelegate.swift; sourceTree = "<group>"; };
		B1045EC51D51E8C9009D9805 /* ViewController.swift */ = {isa = PBXFileReference; lastKnownFileType = sourcecode.swift; path = ViewController.swift; sourceTree = "<group>"; };
		B1045EC81D51E8C9009D9805 /* Base */ = {isa = PBXFileReference; lastKnownFileType = file.storyboard; name = Base; path = Base.lproj/Main.storyboard; sourceTree = "<group>"; };
		B1045ECA1D51E8C9009D9805 /* Assets.xcassets */ = {isa = PBXFileReference; lastKnownFileType = folder.assetcatalog; path = Assets.xcassets; sourceTree = "<group>"; };
		B1045ECD1D51E8C9009D9805 /* Base */ = {isa = PBXFileReference; lastKnownFileType = file.storyboard; name = Base; path = Base.lproj/LaunchScreen.storyboard; sourceTree = "<group>"; };
		B1045ECF1D51E8C9009D9805 /* Info.plist */ = {isa = PBXFileReference; lastKnownFileType = text.plist.xml; path = Info.plist; sourceTree = "<group>"; };
/* End PBXFileReference section */

/* Begin PBXFrameworksBuildPhase section */
		B1045EBD1D51E8C9009D9805 /* Frameworks */ = {
			isa = PBXFrameworksBuildPhase;
			buildActionMask = 2147483647;
			files = (
			);
			runOnlyForDeploymentPostprocessing = 0;
		};
/* End PBXFrameworksBuildPhase section */

/* Begin PBXGroup section */
		B1045EB71D51E8C8009D9805 = {
			isa = PBXGroup;
			children = (
				B1045EC21D51E8C9009D9805 /* collectionViewScrollTop */,
				B1045EC11D51E8C9009D9805 /* Products */,
			);
			sourceTree = "<group>";
		};
		B1045EC11D51E8C9009D9805 /* Products */ = {
			isa = PBXGroup;
			children = (
				B1045EC01D51E8C9009D9805 /* collectionViewScrollTop.app */,
			);
			name = Products;
			sourceTree = "<group>";
		};
		B1045EC21D51E8C9009D9805 /* collectionViewScrollTop */ = {
			isa = PBXGroup;
			children = (
				B1045EC31D51E8C9009D9805 /* AppDelegate.swift */,
				B1045EC51D51E8C9009D9805 /* ViewController.swift */,
				B1045EC71D51E8C9009D9805 /* Main.storyboard */,
				B1045ECA1D51E8C9009D9805 /* Assets.xcassets */,
				B1045ECC1D51E8C9009D9805 /* LaunchScreen.storyboard */,
				B1045ECF1D51E8C9009D9805 /* Info.plist */,
			);
			path = collectionViewScrollTop;
			sourceTree = "<group>";
		};
/* End PBXGroup section */

/* Begin PBXNativeTarget section */
		B1045EBF1D51E8C9009D9805 /* collectionViewScrollTop */ = {
			isa = PBXNativeTarget;
			buildConfigurationList = B1045ED21D51E8C9009D9805 /* Build configuration list for PBXNativeTarget "collectionViewScrollTop" */;
			buildPhases = (
				B1045EBC1D51E8C9009D9805 /* Sources */,
				B1045EBD1D51E8C9009D9805 /* Frameworks */,
				B1045EBE1D51E8C9009D9805 /* Resources */,
			);
			buildRules = (
			);
			dependencies = (
			);
			name = collectionViewScrollTop;
			productName = collectionViewScrollTop;
			productReference = B1045EC01D51E8C9009D9805 /* collectionViewScrollTop.app */;
			productType = "com.apple.product-type.application";
		};
/* End PBXNativeTarget section */

/* Begin PBXProject section */
		B1045EB81D51E8C8009D9805 /* Project object */ = {
			isa = PBXProject;
			attributes = {
				LastSwiftUpdateCheck = 0730;
				LastUpgradeCheck = 0730;
				ORGANIZATIONNAME = "革码者";
				TargetAttributes = {
					B1045EBF1D51E8C9009D9805 = {
						CreatedOnToolsVersion = 7.3.1;
						DevelopmentTeam = YY5Q8JWYE5;
					};
				};
			};
			buildConfigurationList = B1045EBB1D51E8C8009D9805 /* Build configuration list for PBXProject "collectionViewScrollTop" */;
			compatibilityVersion = "Xcode 3.2";
			developmentRegion = English;
			hasScannedForEncodings = 0;
			knownRegions = (
				en,
				Base,
			);
			mainGroup = B1045EB71D51E8C8009D9805;
			productRefGroup = B1045EC11D51E8C9009D9805 /* Products */;
			projectDirPath = "";
			projectRoot = "";
			targets = (
				B1045EBF1D51E8C9009D9805 /* collectionViewScrollTop */,
			);
		};
/* End PBXProject section */

/* Begin PBXResourcesBuildPhase section */
		B1045EBE1D51E8C9009D9805 /* Resources */ = {
			isa = PBXResourcesBuildPhase;
			buildActionMask = 2147483647;
			files = (
				B1045ECE1D51E8C9009D9805 /* LaunchScreen.storyboard in Resources */,
				B1045ECB1D51E8C9009D9805 /* Assets.xcassets in Resources */,
				B1045EC91D51E8C9009D9805 /* Main.storyboard in Resources */,
			);
			runOnlyForDeploymentPostprocessing = 0;
		};
/* End PBXResourcesBuildPhase section */

/* Begin PBXSourcesBuildPhase section */
		B1045EBC1D51E8C9009D9805 /* Sources */ = {
			isa = PBXSourcesBuildPhase;
			buildActionMask = 2147483647;
			files = (
				B1045EC61D51E8C9009D9805 /* ViewController.swift in Sources */,
				B1045EC41D51E8C9009D9805 /* AppDelegate.swift in Sources */,
			);
			runOnlyForDeploymentPostprocessing = 0;
		};
/* End PBXSourcesBuildPhase section */

/* Begin PBXVariantGroup section */
		B1045EC71D51E8C9009D9805 /* Main.storyboard */ = {
			isa = PBXVariantGroup;
			children = (
				B1045EC81D51E8C9009D9805 /* Base */,
			);
			name = Main.storyboard;
			sourceTree = "<group>";
		};
		B1045ECC1D51E8C9009D9805 /* LaunchScreen.storyboard */ = {
			isa = PBXVariantGroup;
			children = (
				B1045ECD1D51E8C9009D9805 /* Base */,
			);
			name = LaunchScreen.storyboard;
			sourceTree = "<group>";
		};
/* End PBXVariantGroup section */

/* Begin XCBuildConfiguration section */
		B1045ED01D51E8C9009D9805 /* Debug */ = {
			isa = XCBuildConfiguration;
			buildSettings = {
				ALWAYS_SEARCH_USER_PATHS = NO;
				CLANG_ANALYZER_NONNULL = YES;
				CLANG_CXX_LANGUAGE_STANDARD = "gnu++0x";
				CLANG_CXX_LIBRARY = "libc++";
				CLANG_ENABLE_MODULES = YES;
				CLANG_ENABLE_OBJC_ARC = YES;
				CLANG_WARN_BOOL_CONVERSION = YES;
				CLANG_WARN_CONSTANT_CONVERSION = YES;
				CLANG_WARN_DIRECT_OBJC_ISA_USAGE = YES_ERROR;
				CLANG_WARN_EMPTY_BODY = YES;
				CLANG_WARN_ENUM_CONVERSION = YES;
				CLANG_WARN_INT_CONVERSION = YES;
				CLANG_WARN_OBJC_ROOT_CLASS = YES_ERROR;
				CLANG_WARN_UNREACHABLE_CODE = YES;
				CLANG_WARN__DUPLICATE_METHOD_MATCH = YES;
				"CODE_SIGN_IDENTITY[sdk=iphoneos*]" = "iPhone Developer";
				COPY_PHASE_STRIP = NO;
				DEBUG_INFORMATION_FORMAT = dwarf;
				ENABLE_STRICT_OBJC_MSGSEND = YES;
				ENABLE_TESTABILITY = YES;
				GCC_C_LANGUAGE_STANDARD = gnu99;
				GCC_DYNAMIC_NO_PIC = NO;
				GCC_NO_COMMON_BLOCKS = YES;
				GCC_OPTIMIZATION_LEVEL = 0;
				GCC_PREPROCESSOR_DEFINITIONS = (
					"DEBUG=1",
					"$(inherited)",
				);
				GCC_WARN_64_TO_32_BIT_CONVERSION = YES;
				GCC_WARN_ABOUT_RETURN_TYPE = YES_ERROR;
				GCC_WARN_UNDECLARED_SELECTOR = YES;
				GCC_WARN_UNINITIALIZED_AUTOS = YES_AGGRESSIVE;
				GCC_WARN_UNUSED_FUNCTION = YES;
				GCC_WARN_UNUSED_VARIABLE = YES;
				IPHONEOS_DEPLOYMENT_TARGET = 9.3;
				MTL_ENABLE_DEBUG_INFO = YES;
				ONLY_ACTIVE_ARCH = YES;
				SDKROOT = iphoneos;
				SWIFT_OPTIMIZATION_LEVEL = "-Onone";
			};
			name = Debug;
		};
		B1045ED11D51E8C9009D9805 /* Release */ = {
			isa = XCBuildConfiguration;
			buildSettings = {
				ALWAYS_SEARCH_USER_PATHS = NO;
				CLANG_ANALYZER_NONNULL = YES;
				CLANG_CXX_LANGUAGE_STANDARD = "gnu++0x";
				CLANG_CXX_LIBRARY = "libc++";
				CLANG_ENABLE_MODULES = YES;
				CLANG_ENABLE_OBJC_ARC = YES;
				CLANG_WARN_BOOL_CONVERSION = YES;
				CLANG_WARN_CONSTANT_CONVERSION = YES;
				CLANG_WARN_DIRECT_OBJC_ISA_USAGE = YES_ERROR;
				CLANG_WARN_EMPTY_BODY = YES;
				CLANG_WARN_ENUM_CONVERSION = YES;
				CLANG_WARN_INT_CONVERSION = YES;
				CLANG_WARN_OBJC_ROOT_CLASS = YES_ERROR;
				CLANG_WARN_UNREACHABLE_CODE = YES;
				CLANG_WARN__DUPLICATE_METHOD_MATCH = YES;
				"CODE_SIGN_IDENTITY[sdk=iphoneos*]" = "iPhone Developer";
				COPY_PHASE_STRIP = NO;
				DEBUG_INFORMATION_FORMAT = "dwarf-with-dsym";
				ENABLE_NS_ASSERTIONS = NO;
				ENABLE_STRICT_OBJC_MSGSEND = YES;
				GCC_C_LANGUAGE_STANDARD = gnu99;
				GCC_NO_COMMON_BLOCKS = YES;
				GCC_WARN_64_TO_32_BIT_CONVERSION = YES;
				GCC_WARN_ABOUT_RETURN_TYPE = YES_ERROR;
				GCC_WARN_UNDECLARED_SELECTOR = YES;
				GCC_WARN_UNINITIALIZED_AUTOS = YES_AGGRESSIVE;
				GCC_WARN_UNUSED_FUNCTION = YES;
				GCC_WARN_UNUSED_VARIABLE = YES;
				IPHONEOS_DEPLOYMENT_TARGET = 9.3;
				MTL_ENABLE_DEBUG_INFO = NO;
				SDKROOT = iphoneos;
				VALIDATE_PRODUCT = YES;
			};
			name = Release;
		};
		B1045ED31D51E8C9009D9805 /* Debug */ = {
			isa = XCBuildConfiguration;
			buildSettings = {
				ASSETCATALOG_COMPILER_APPICON_NAME = AppIcon;
				INFOPLIST_FILE = collectionViewScrollTop/Info.plist;
				LD_RUNPATH_SEARCH_PATHS = "$(inherited) @executable_path/Frameworks";
				PRODUCT_BUNDLE_IDENTIFIER = Grandre.collectionViewScrollTop;
				PRODUCT_NAME = "$(TARGET_NAME)";
			};
			name = Debug;
		};
		B1045ED41D51E8C9009D9805 /* Release */ = {
			isa = XCBuildConfiguration;
			buildSettings = {
				ASSETCATALOG_COMPILER_APPICON_NAME = AppIcon;
				INFOPLIST_FILE = collectionViewScrollTop/Info.plist;
				LD_RUNPATH_SEARCH_PATHS = "$(inherited) @executable_path/Frameworks";
				PRODUCT_BUNDLE_IDENTIFIER = Grandre.collectionViewScrollTop;
				PRODUCT_NAME = "$(TARGET_NAME)";
			};
			name = Release;
		};
/* End XCBuildConfiguration section */

/* Begin XCConfigurationList section */
		B1045EBB1D51E8C8009D9805 /* Build configuration list for PBXProject "collectionViewScrollTop" */ = {
			isa = XCConfigurationList;
			buildConfigurations = (
				B1045ED01D51E8C9009D9805 /* Debug */,
				B1045ED11D51E8C9009D9805 /* Release */,
			);
			defaultConfigurationIsVisible = 0;
			defaultConfigurationName = Release;
		};
		B1045ED21D51E8C9009D9805 /* Build configuration list for PBXNativeTarget "collectionViewScrollTop" */ = {
			isa = XCConfigurationList;
			buildConfigurations = (
				B1045ED31D51E8C9009D9805 /* Debug */,
				B1045ED41D51E8C9009D9805 /* Release */,
			);
			defaultConfigurationIsVisible = 0;
		};
/* End XCConfigurationList section */
	};
	rootObject = B1045EB81D51E8C8009D9805 /* Project object */;
}
